
Microsoft Visual Studio Solution File, Format Version 12.00
# Visual Studio Version 17
VisualStudioVersion = 17.7.34221.43
MinimumVisualStudioVersion = 10.0.40219.1
Project("{9A19103F-16F7-4668-BE54-9A1E7A4F7556}") = "NepaAppMVC", "NepaAppMVC\NepaAppMVC.csproj", "{9BA2B54B-31BF-495F-9067-4470A5F28F38}"
EndProject
Project("{FAE04EC0-301F-11D3-BF4B-00C04F79EFBC}") = "NepaApp.IntegrationTests", "NepaApp.IntegrationTests\NepaApp.IntegrationTests.csproj", "{76847097-B79C-4FBA-A677-392BFC2FE397}"
EndProject
Global
	GlobalSection(SolutionConfigurationPlatforms) = preSolution
		Debug|Any CPU = Debug|Any CPU
		Release|Any CPU = Release|Any CPU
	EndGlobalSection
	GlobalSection(ProjectConfigurationPlatforms) = postSolution
		{9BA2B54B-31BF-495F-9067-4470A5F28F38}.Debug|Any CPU.ActiveCfg = Debug|Any CPU
		{9BA2B54B-31BF-495F-9067-4470A5F28F38}.Debug|Any CPU.Build.0 = Debug|Any CPU
		{9BA2B54B-31BF-495F-9067-4470A5F28F38}.Release|Any CPU.ActiveCfg = Release|Any CPU
		{9BA2B54B-31BF-495F-9067-4470A5F28F38}.Release|Any CPU.Build.0 = Release|Any CPU
		{76847097-B79C-4FBA-A677-392BFC2FE397}.Debug|Any CPU.ActiveCfg = Debug|Any CPU
		{76847097-B79C-4FBA-A677-392BFC2FE397}.Debug|Any CPU.Build.0 = Debug|Any CPU
		{76847097-B79C-4FBA-A677-392BFC2FE397}.Release|Any CPU.ActiveCfg = Release|Any CPU
		{76847097-B79C-4FBA-A677-392BFC2FE397}.Release|Any CPU.Build.0 = Release|Any CPU
	EndGlobalSection
	GlobalSection(SolutionProperties) = preSolution
		HideSolutionNode = FALSE
	EndGlobalSection
	GlobalSection(ExtensibilityGlobals) = postSolution
		SolutionGuid = {663F716C-7B12-41ED-98EA-E3BBF2C404B8}
	EndGlobalSection
EndGlobal
